
Microsoft Visual Studio Solution File, Format Version 12.00
# Visual Studio Version 16
VisualStudioVersion = 16.0.31129.286
MinimumVisualStudioVersion = 10.0.40219.1
Project("{FAE04EC0-301F-11D3-BF4B-00C04F79EFBC}") = "Lunar", "Lunar\Lunar.csproj", "{B87080A7-ADD3-4F7F-8E03-BC9B28AB89C0}"
EndProject
Global
	GlobalSection(SolutionConfigurationPlatforms) = preSolution
		Debug|Any CPU = Debug|Any CPU
		Release|Any CPU = Release|Any CPU
	EndGlobalSection
	GlobalSection(ProjectConfigurationPlatforms) = postSolution
		{B87080A7-ADD3-4F7F-8E03-BC9B28AB89C0}.Debug|Any CPU.ActiveCfg = Debug|Any CPU
		{B87080A7-ADD3-4F7F-8E03-BC9B28AB89C0}.Debug|Any CPU.Build.0 = Debug|Any CPU
		{B87080A7-ADD3-4F7F-8E03-BC9B28AB89C0}.Release|Any CPU.ActiveCfg = Release|Any CPU
		{B87080A7-ADD3-4F7F-8E03-BC9B28AB89C0}.Release|Any CPU.Build.0 = Release|Any CPU
	EndGlobalSection
	GlobalSection(SolutionProperties) = preSolution
		HideSolutionNode = FALSE
	EndGlobalSection
	GlobalSection(ExtensibilityGlobals) = postSolution
		SolutionGuid = {7B295E76-F98B-4749-B4E7-8275775CDA3D}
	EndGlobalSection
EndGlobal
